
Microsoft Visual Studio Solution File, Format Version 12.00
# Visual Studio Version 17
VisualStudioVersion = 17.9.34902.65
MinimumVisualStudioVersion = 10.0.40219.1
Project("{FAE04EC0-301F-11D3-BF4B-00C04F79EFBC}") = "first", "first\first.csproj", "{5B3D50A7-A1B4-4E3F-AD2F-510D44700F74}"
EndProject
Global
	GlobalSection(SolutionConfigurationPlatforms) = preSolution
		Debug|Any CPU = Debug|Any CPU
		Release|Any CPU = Release|Any CPU
	EndGlobalSection
	GlobalSection(ProjectConfigurationPlatforms) = postSolution
		{5B3D50A7-A1B4-4E3F-AD2F-510D44700F74}.Debug|Any CPU.ActiveCfg = Debug|Any CPU
		{5B3D50A7-A1B4-4E3F-AD2F-510D44700F74}.Debug|Any CPU.Build.0 = Debug|Any CPU
		{5B3D50A7-A1B4-4E3F-AD2F-510D44700F74}.Release|Any CPU.ActiveCfg = Release|Any CPU
		{5B3D50A7-A1B4-4E3F-AD2F-510D44700F74}.Release|Any CPU.Build.0 = Release|Any CPU
	EndGlobalSection
	GlobalSection(SolutionProperties) = preSolution
		HideSolutionNode = FALSE
	EndGlobalSection
	GlobalSection(ExtensibilityGlobals) = postSolution
		SolutionGuid = {2328F6A9-5E79-414D-8CD2-FFC3BC3964E9}
	EndGlobalSection
EndGlobal
